
Microsoft Visual Studio Solution File, Format Version 12.00
# Visual Studio Version 16
VisualStudioVersion = 16.0.31229.75
MinimumVisualStudioVersion = 10.0.40219.1
Project("{FAE04EC0-301F-11D3-BF4B-00C04F79EFBC}") = "DAQ.CSV", "DAQ.CSV\DAQ.CSV.csproj", "{B461E2CF-8D52-4163-BA2C-F82AF5DD428E}"
EndProject
Project("{FAE04EC0-301F-11D3-BF4B-00C04F79EFBC}") = "DAQ.Core", "DAQ.Core\DAQ.Core.csproj", "{F8FFCEC6-2A25-4A04-BFB7-7768D6ED9CC9}"
EndProject
Project("{FAE04EC0-301F-11D3-BF4B-00C04F79EFBC}") = "Test.App", "Test.App\Test.App.csproj", "{2552EFA5-0A56-41C6-B1C6-42440B1855C6}"
EndProject
Project("{FAE04EC0-301F-11D3-BF4B-00C04F79EFBC}") = "DAQ.Sql", "DAQ.Sql\DAQ.Sql.csproj", "{0377C120-39AD-401D-B695-CB886B623888}"
EndProject
Global
	GlobalSection(SolutionConfigurationPlatforms) = preSolution
		Debug|Any CPU = Debug|Any CPU
		Release|Any CPU = Release|Any CPU
	EndGlobalSection
	GlobalSection(ProjectConfigurationPlatforms) = postSolution
		{B461E2CF-8D52-4163-BA2C-F82AF5DD428E}.Debug|Any CPU.ActiveCfg = Debug|Any CPU
		{B461E2CF-8D52-4163-BA2C-F82AF5DD428E}.Debug|Any CPU.Build.0 = Debug|Any CPU
		{B461E2CF-8D52-4163-BA2C-F82AF5DD428E}.Release|Any CPU.ActiveCfg = Release|Any CPU
		{B461E2CF-8D52-4163-BA2C-F82AF5DD428E}.Release|Any CPU.Build.0 = Release|Any CPU
		{F8FFCEC6-2A25-4A04-BFB7-7768D6ED9CC9}.Debug|Any CPU.ActiveCfg = Debug|Any CPU
		{F8FFCEC6-2A25-4A04-BFB7-7768D6ED9CC9}.Debug|Any CPU.Build.0 = Debug|Any CPU
		{F8FFCEC6-2A25-4A04-BFB7-7768D6ED9CC9}.Release|Any CPU.ActiveCfg = Release|Any CPU
		{F8FFCEC6-2A25-4A04-BFB7-7768D6ED9CC9}.Release|Any CPU.Build.0 = Release|Any CPU
		{2552EFA5-0A56-41C6-B1C6-42440B1855C6}.Debug|Any CPU.ActiveCfg = Debug|Any CPU
		{2552EFA5-0A56-41C6-B1C6-42440B1855C6}.Debug|Any CPU.Build.0 = Debug|Any CPU
		{2552EFA5-0A56-41C6-B1C6-42440B1855C6}.Release|Any CPU.ActiveCfg = Release|Any CPU
		{2552EFA5-0A56-41C6-B1C6-42440B1855C6}.Release|Any CPU.Build.0 = Release|Any CPU
		{0377C120-39AD-401D-B695-CB886B623888}.Debug|Any CPU.ActiveCfg = Debug|Any CPU
		{0377C120-39AD-401D-B695-CB886B623888}.Debug|Any CPU.Build.0 = Debug|Any CPU
		{0377C120-39AD-401D-B695-CB886B623888}.Release|Any CPU.ActiveCfg = Release|Any CPU
		{0377C120-39AD-401D-B695-CB886B623888}.Release|Any CPU.Build.0 = Release|Any CPU
	EndGlobalSection
	GlobalSection(SolutionProperties) = preSolution
		HideSolutionNode = FALSE
	EndGlobalSection
	GlobalSection(ExtensibilityGlobals) = postSolution
		SolutionGuid = {5800F8A9-D8FC-4531-A422-3BD17DFFEB63}
	EndGlobalSection
EndGlobal
